
Microsoft Visual Studio Solution File, Format Version 10.00
# Visual Studio 2008
Project("{8BC9CEB8-8B4A-11D0-8D11-00A0C91BC942}") = "cubic", "cubic\cubic.vcproj", "{53D12693-66AE-4BED-8CDA-B57836E21973}"
EndProject
Global
	GlobalSection(SolutionConfigurationPlatforms) = preSolution
		Debug|Win32 = Debug|Win32
		Release|Win32 = Release|Win32
	EndGlobalSection
	GlobalSection(ProjectConfigurationPlatforms) = postSolution
		{53D12693-66AE-4BED-8CDA-B57836E21973}.Debug|Win32.ActiveCfg = Debug|Win32
		{53D12693-66AE-4BED-8CDA-B57836E21973}.Debug|Win32.Build.0 = Debug|Win32
		{53D12693-66AE-4BED-8CDA-B57836E21973}.Release|Win32.ActiveCfg = Release|Win32
		{53D12693-66AE-4BED-8CDA-B57836E21973}.Release|Win32.Build.0 = Release|Win32
	EndGlobalSection
	GlobalSection(SolutionProperties) = preSolution
		HideSolutionNode = FALSE
	EndGlobalSection
EndGlobal
